
Microsoft Visual Studio Solution File, Format Version 12.00
# Visual Studio Version 17
VisualStudioVersion = 17.7.34031.279
MinimumVisualStudioVersion = 10.0.40219.1
Project("{FAE04EC0-301F-11D3-BF4B-00C04F79EFBC}") = "TaskWhenAll", "TaskWhenAll\TaskWhenAll.csproj", "{A8CC27D5-33D2-4457-9BE4-329E13CF5405}"
EndProject
Project("{FAE04EC0-301F-11D3-BF4B-00C04F79EFBC}") = "TaskWhenAllTaskRun", "TaskWhenAllTaskRun\TaskWhenAllTaskRun.csproj", "{08EA4BBB-F2DF-45A7-B6B9-9D2C10E2132A}"
EndProject
Project("{FAE04EC0-301F-11D3-BF4B-00C04F79EFBC}") = "TaskWhenAllConcurrentBag", "TaskWhenAllConcurrentBag\TaskWhenAllConcurrentBag.csproj", "{B0280BB1-5798-47F1-A431-156676945D9C}"
EndProject
Project("{FAE04EC0-301F-11D3-BF4B-00C04F79EFBC}") = "TaskWhenAllTaskRunConcurrentBag", "TaskWhenAllTaskRunConcurrentBag\TaskWhenAllTaskRunConcurrentBag.csproj", "{34798F2F-9706-449B-8866-75D4E236E6E9}"
EndProject
Global
	GlobalSection(SolutionConfigurationPlatforms) = preSolution
		Debug|Any CPU = Debug|Any CPU
		Release|Any CPU = Release|Any CPU
	EndGlobalSection
	GlobalSection(ProjectConfigurationPlatforms) = postSolution
		{A8CC27D5-33D2-4457-9BE4-329E13CF5405}.Debug|Any CPU.ActiveCfg = Debug|Any CPU
		{A8CC27D5-33D2-4457-9BE4-329E13CF5405}.Debug|Any CPU.Build.0 = Debug|Any CPU
		{A8CC27D5-33D2-4457-9BE4-329E13CF5405}.Release|Any CPU.ActiveCfg = Release|Any CPU
		{A8CC27D5-33D2-4457-9BE4-329E13CF5405}.Release|Any CPU.Build.0 = Release|Any CPU
		{08EA4BBB-F2DF-45A7-B6B9-9D2C10E2132A}.Debug|Any CPU.ActiveCfg = Debug|Any CPU
		{08EA4BBB-F2DF-45A7-B6B9-9D2C10E2132A}.Debug|Any CPU.Build.0 = Debug|Any CPU
		{08EA4BBB-F2DF-45A7-B6B9-9D2C10E2132A}.Release|Any CPU.ActiveCfg = Release|Any CPU
		{08EA4BBB-F2DF-45A7-B6B9-9D2C10E2132A}.Release|Any CPU.Build.0 = Release|Any CPU
		{B0280BB1-5798-47F1-A431-156676945D9C}.Debug|Any CPU.ActiveCfg = Debug|Any CPU
		{B0280BB1-5798-47F1-A431-156676945D9C}.Debug|Any CPU.Build.0 = Debug|Any CPU
		{B0280BB1-5798-47F1-A431-156676945D9C}.Release|Any CPU.ActiveCfg = Release|Any CPU
		{B0280BB1-5798-47F1-A431-156676945D9C}.Release|Any CPU.Build.0 = Release|Any CPU
		{34798F2F-9706-449B-8866-75D4E236E6E9}.Debug|Any CPU.ActiveCfg = Debug|Any CPU
		{34798F2F-9706-449B-8866-75D4E236E6E9}.Debug|Any CPU.Build.0 = Debug|Any CPU
		{34798F2F-9706-449B-8866-75D4E236E6E9}.Release|Any CPU.ActiveCfg = Release|Any CPU
		{34798F2F-9706-449B-8866-75D4E236E6E9}.Release|Any CPU.Build.0 = Release|Any CPU
	EndGlobalSection
	GlobalSection(SolutionProperties) = preSolution
		HideSolutionNode = FALSE
	EndGlobalSection
	GlobalSection(ExtensibilityGlobals) = postSolution
		SolutionGuid = {B9DC40F4-F50F-4A19-8AE9-F52F31AE3550}
	EndGlobalSection
EndGlobal
